# This file is autogenerated, do not edit; changes may be undone by the next 'dep ensure'.


[[projects]]
  digest = "1:ed2c2283337727ed96e47dc5081ddfa5ffbff718d30a87e68059e633a426e0de"
  name = "github.com/fatih/pool"
  packages = ["."]
  pruneopts = "UT"
  revision = "830a0f4759206ca695bc91927303867a1ba951bc"
  version = "v3.0.0"

[solve-meta]
  analyzer-name = "dep"
  analyzer-version = 1
  input-imports = ["github.com/fatih/pool"]
  solver-name = "gps-cdcl"
  solver-version = 1
